
Microsoft Visual Studio Solution File, Format Version 12.00
# Visual Studio Version 17
VisualStudioVersion = 17.5.33516.290
MinimumVisualStudioVersion = 10.0.40219.1
Project("{FAE04EC0-301F-11D3-BF4B-00C04F79EFBC}") = "TicTacToe", "TicTacToe\TicTacToe.csproj", "{D06C229F-BA0A-43AA-B334-94E1CDB247A9}"
EndProject
Global
	GlobalSection(SolutionConfigurationPlatforms) = preSolution
		Debug|Any CPU = Debug|Any CPU
		Release|Any CPU = Release|Any CPU
	EndGlobalSection
	GlobalSection(ProjectConfigurationPlatforms) = postSolution
		{D06C229F-BA0A-43AA-B334-94E1CDB247A9}.Debug|Any CPU.ActiveCfg = Debug|Any CPU
		{D06C229F-BA0A-43AA-B334-94E1CDB247A9}.Debug|Any CPU.Build.0 = Debug|Any CPU
		{D06C229F-BA0A-43AA-B334-94E1CDB247A9}.Release|Any CPU.ActiveCfg = Release|Any CPU
		{D06C229F-BA0A-43AA-B334-94E1CDB247A9}.Release|Any CPU.Build.0 = Release|Any CPU
	EndGlobalSection
	GlobalSection(SolutionProperties) = preSolution
		HideSolutionNode = FALSE
	EndGlobalSection
	GlobalSection(ExtensibilityGlobals) = postSolution
		SolutionGuid = {91625FB0-BA63-4A8B-860D-57E35C754CBB}
	EndGlobalSection
EndGlobal
